
Microsoft Visual Studio Solution File, Format Version 12.00
# Visual Studio Version 17
VisualStudioVersion = 17.0.31423.177
MinimumVisualStudioVersion = 10.0.40219.1
Project("{9A19103F-16F7-4668-BE54-9A1E7A4F7556}") = "ColoryrServer.Core", "ColoryrServer\Core\ColoryrServer.Core.csproj", "{F2920FB6-F206-4BAD-89A4-E479762508D0}"
EndProject
Project("{9A19103F-16F7-4668-BE54-9A1E7A4F7556}") = "ColoryrBuild", "ColoryrBuild\ColoryrBuild.csproj", "{38E05DD9-CC47-45D7-AC4D-52F6B3C3F70D}"
EndProject
Project("{9A19103F-16F7-4668-BE54-9A1E7A4F7556}") = "ColoryrServer.ASP", "ColoryrServer\ASP\ColoryrServer.ASP.csproj", "{CE8E78C5-911D-4423-8DEE-51AA8AFB3F74}"
EndProject
Project("{9A19103F-16F7-4668-BE54-9A1E7A4F7556}") = "ColoryrTest", "ColoryrTest\ColoryrTest.csproj", "{27355409-7CF0-4042-8F84-1E026DD497F3}"
EndProject
Project("{9A19103F-16F7-4668-BE54-9A1E7A4F7556}") = "ColoryrTest.Run", "ColoryrTest.Run\ColoryrTest.Run.csproj", "{9050391D-E477-4752-B7B4-5AD919694299}"
EndProject
Project("{9A19103F-16F7-4668-BE54-9A1E7A4F7556}") = "ColoryrServer.NetCoreServer", "ColoryrServer\NetCoreServer\ColoryrServer.NetCoreServer.csproj", "{336AC9DE-FBDD-4989-8FFE-A66720C454CC}"
EndProject
Project("{9A19103F-16F7-4668-BE54-9A1E7A4F7556}") = "ColoryrWork.Lib.Server", "ColoryrWork.Lib\Server\ColoryrWork.Lib.Server.csproj", "{E761132D-EB34-42C4-906A-0FCDFD7F36B8}"
EndProject
Project("{9A19103F-16F7-4668-BE54-9A1E7A4F7556}") = "ColoryrWork.Lib.Build", "ColoryrWork.Lib\Build\ColoryrWork.Lib.Build.csproj", "{1CFED614-0E1D-4B4C-A7BC-2E0486517448}"
EndProject
Project("{2150E333-8FDC-42A3-9474-1A3956D46DE8}") = "Solution Items", "Solution Items", "{3E8FCBC6-1B0E-4BDB-8A1F-EA4A6DC29854}"
	ProjectSection(SolutionItems) = preProject
		.editorconfig = .editorconfig
	EndProjectSection
EndProject
Global
	GlobalSection(SolutionConfigurationPlatforms) = preSolution
		Debug|Any CPU = Debug|Any CPU
		Release|Any CPU = Release|Any CPU
	EndGlobalSection
	GlobalSection(ProjectConfigurationPlatforms) = postSolution
		{F2920FB6-F206-4BAD-89A4-E479762508D0}.Debug|Any CPU.ActiveCfg = Debug|Any CPU
		{F2920FB6-F206-4BAD-89A4-E479762508D0}.Debug|Any CPU.Build.0 = Debug|Any CPU
		{F2920FB6-F206-4BAD-89A4-E479762508D0}.Release|Any CPU.ActiveCfg = Release|Any CPU
		{F2920FB6-F206-4BAD-89A4-E479762508D0}.Release|Any CPU.Build.0 = Release|Any CPU
		{38E05DD9-CC47-45D7-AC4D-52F6B3C3F70D}.Debug|Any CPU.ActiveCfg = Debug|Any CPU
		{38E05DD9-CC47-45D7-AC4D-52F6B3C3F70D}.Debug|Any CPU.Build.0 = Debug|Any CPU
		{38E05DD9-CC47-45D7-AC4D-52F6B3C3F70D}.Release|Any CPU.ActiveCfg = Release|Any CPU
		{38E05DD9-CC47-45D7-AC4D-52F6B3C3F70D}.Release|Any CPU.Build.0 = Release|Any CPU
		{CE8E78C5-911D-4423-8DEE-51AA8AFB3F74}.Debug|Any CPU.ActiveCfg = Debug|Any CPU
		{CE8E78C5-911D-4423-8DEE-51AA8AFB3F74}.Debug|Any CPU.Build.0 = Debug|Any CPU
		{CE8E78C5-911D-4423-8DEE-51AA8AFB3F74}.Release|Any CPU.ActiveCfg = Release|Any CPU
		{CE8E78C5-911D-4423-8DEE-51AA8AFB3F74}.Release|Any CPU.Build.0 = Release|Any CPU
		{27355409-7CF0-4042-8F84-1E026DD497F3}.Debug|Any CPU.ActiveCfg = Debug|Any CPU
		{27355409-7CF0-4042-8F84-1E026DD497F3}.Debug|Any CPU.Build.0 = Debug|Any CPU
		{27355409-7CF0-4042-8F84-1E026DD497F3}.Release|Any CPU.ActiveCfg = Release|Any CPU
		{27355409-7CF0-4042-8F84-1E026DD497F3}.Release|Any CPU.Build.0 = Release|Any CPU
		{9050391D-E477-4752-B7B4-5AD919694299}.Debug|Any CPU.ActiveCfg = Debug|Any CPU
		{9050391D-E477-4752-B7B4-5AD919694299}.Debug|Any CPU.Build.0 = Debug|Any CPU
		{9050391D-E477-4752-B7B4-5AD919694299}.Release|Any CPU.ActiveCfg = Release|Any CPU
		{9050391D-E477-4752-B7B4-5AD919694299}.Release|Any CPU.Build.0 = Release|Any CPU
		{336AC9DE-FBDD-4989-8FFE-A66720C454CC}.Debug|Any CPU.ActiveCfg = Debug|Any CPU
		{336AC9DE-FBDD-4989-8FFE-A66720C454CC}.Debug|Any CPU.Build.0 = Debug|Any CPU
		{336AC9DE-FBDD-4989-8FFE-A66720C454CC}.Release|Any CPU.ActiveCfg = Release|Any CPU
		{336AC9DE-FBDD-4989-8FFE-A66720C454CC}.Release|Any CPU.Build.0 = Release|Any CPU
		{E761132D-EB34-42C4-906A-0FCDFD7F36B8}.Debug|Any CPU.ActiveCfg = Debug|Any CPU
		{E761132D-EB34-42C4-906A-0FCDFD7F36B8}.Debug|Any CPU.Build.0 = Debug|Any CPU
		{E761132D-EB34-42C4-906A-0FCDFD7F36B8}.Release|Any CPU.ActiveCfg = Release|Any CPU
		{E761132D-EB34-42C4-906A-0FCDFD7F36B8}.Release|Any CPU.Build.0 = Release|Any CPU
		{1CFED614-0E1D-4B4C-A7BC-2E0486517448}.Debug|Any CPU.ActiveCfg = Debug|Any CPU
		{1CFED614-0E1D-4B4C-A7BC-2E0486517448}.Debug|Any CPU.Build.0 = Debug|Any CPU
		{1CFED614-0E1D-4B4C-A7BC-2E0486517448}.Release|Any CPU.ActiveCfg = Release|Any CPU
		{1CFED614-0E1D-4B4C-A7BC-2E0486517448}.Release|Any CPU.Build.0 = Release|Any CPU
	EndGlobalSection
	GlobalSection(SolutionProperties) = preSolution
		HideSolutionNode = FALSE
	EndGlobalSection
	GlobalSection(ExtensibilityGlobals) = postSolution
		SolutionGuid = {D4365924-469B-4DB5-AD81-4B4C10D6E826}
	EndGlobalSection
EndGlobal
